<?xml version="1.0" encoding="utf-8"?>
<Project ToolsVersion="4.0" xmlns="http://schemas.microsoft.com/developer/msbuild/2003">
  <ItemGroup>
    <Filter Include="Header Files">
      <UniqueIdentifier>{93995380-89BD-4b04-88EB-625FBE52EBFB}</UniqueIdentifier>
      <Extensions>h;hpp;hxx;hm;inl;inc;xsd</Extensions>
    </Filter>
    <Filter Include="Header Files">
      <UniqueIdentifier>{93995380-89BD-4b04-88EB-625FBE52EBFB}</UniqueIdentifier>
      <Extensions>h;hpp;hxx;hm;inl;inc;xsd</Extensions>
    </Filter>
    <Filter Include="Source Files">
      <UniqueIdentifier>{4FC737F1-C7A5-4376-A066-2A32D752A2FF}</UniqueIdentifier>
      <Extensions>cpp;c;cxx;def;odl;idl;hpj;bat;asm;asmx</Extensions>
    </Filter>
    <Filter Include="Source Files">
      <UniqueIdentifier>{4FC737F1-C7A5-4376-A066-2A32D752A2FF}</UniqueIdentifier>
      <Extensions>cpp;c;cxx;def;odl;idl;hpj;bat;asm;asmx</Extensions>
    </Filter>
  </ItemGroup>
  <ItemGroup>
    <ClCompile Include="..\libhashkit\aes.cc">
      <Filter>Source Files</Filter>
    </ClCompile>
    <ClCompile Include="..\libhashkit\algorithm.cc">
      <Filter>Source Files</Filter>
    </ClCompile>
    <ClCompile Include="..\libmemcached\allocators.cc">
      <Filter>Source Files</Filter>
    </ClCompile>
    <ClCompile Include="..\libmemcached\analyze.cc">
      <Filter>Source Files</Filter>
    </ClCompile>
    <ClCompile Include="..\libmemcached\array.c">
      <Filter>Source Files</Filter>
    </ClCompile>
    <ClCompile Include="..\libmemcached\auto.cc">
      <Filter>Source Files</Filter>
    </ClCompile>
    <ClCompile Include="..\libmemcached\backtrace.cc">
      <Filter>Source Files</Filter>
    </ClCompile>
    <ClCompile Include="..\libhashkit\behavior.cc">
      <Filter>Source Files</Filter>
    </ClCompile>
    <ClCompile Include="libmemcached\behavior_fix.cc">
      <Filter>Source Files</Filter>
    </ClCompile>
    <ClCompile Include="..\libmemcached\byteorder.cc">
      <Filter>Source Files</Filter>
    </ClCompile>
    <ClCompile Include="..\libmemcached\callback.cc">
      <Filter>Source Files</Filter>
    </ClCompile>
    <ClCompile Include="..\libmemcached\connect.cc">
      <Filter>Source Files</Filter>
    </ClCompile>
    <ClCompile Include="..\libmemcached\csl\context.cc">
      <Filter>Source Files</Filter>
    </ClCompile>
    <ClCompile Include="..\libhashkit\crc32.cc">
      <Filter>Source Files</Filter>
    </ClCompile>
    <ClCompile Include="..\libmemcached\delete.cc">
      <Filter>Source Files</Filter>
    </ClCompile>
    <ClCompile Include="..\libhashkit\digest.cc">
      <Filter>Source Files</Filter>
    </ClCompile>
    <ClCompile Include="..\libmemcached\do.cc">
      <Filter>Source Files</Filter>
    </ClCompile>
    <ClCompile Include="..\libmemcached\dump.cc">
      <Filter>Source Files</Filter>
    </ClCompile>
    <ClCompile Include="..\libmemcached\encoding_key.cc">
      <Filter>Source Files</Filter>
    </ClCompile>
    <ClCompile Include="..\libhashkit\encrypt.cc">
      <Filter>Source Files</Filter>
    </ClCompile>
    <ClCompile Include="..\libmemcached\error.cc">
      <Filter>Source Files</Filter>
    </ClCompile>
    <ClCompile Include="..\libmemcached\exist.cc">
      <Filter>Source Files</Filter>
    </ClCompile>
    <ClCompile Include="..\libmemcached\fetch.cc">
      <Filter>Source Files</Filter>
    </ClCompile>
    <ClCompile Include="..\libmemcached\flag.cc">
      <Filter>Source Files</Filter>
    </ClCompile>
    <ClCompile Include="..\libmemcached\flush.cc">
      <Filter>Source Files</Filter>
    </ClCompile>
    <ClCompile Include="..\libmemcached\flush_buffers.cc">
      <Filter>Source Files</Filter>
    </ClCompile>
    <ClCompile Include="..\libhashkit\fnv_32.cc">
      <Filter>Source Files</Filter>
    </ClCompile>
    <ClCompile Include="..\libhashkit\fnv_64.cc">
      <Filter>Source Files</Filter>
    </ClCompile>
    <ClCompile Include="..\libhashkit\function.cc">
      <Filter>Source Files</Filter>
    </ClCompile>
    <ClCompile Include="..\libmemcached\get.cc">
      <Filter>Source Files</Filter>
    </ClCompile>
    <ClCompile Include="..\libhashkit\has.cc">
      <Filter>Source Files</Filter>
    </ClCompile>
    <ClCompile Include="..\libmemcached\hash.cc">
      <Filter>Source Files</Filter>
    </ClCompile>
    <ClCompile Include="..\libhashkit\hashkit.cc">
      <Filter>Source Files</Filter>
    </ClCompile>
    <ClCompile Include="..\libmemcached\hosts.cc">
      <Filter>Source Files</Filter>
    </ClCompile>
    <ClCompile Include="..\libhashkit\hsieh.cc">
      <Filter>Source Files</Filter>
    </ClCompile>
    <ClCompile Include="..\libmemcached\initialize_query.cc">
      <Filter>Source Files</Filter>
    </ClCompile>
    <ClCompile Include="..\libmemcached\instance.cc">
      <Filter>Source Files</Filter>
    </ClCompile>
    <ClCompile Include="..\libmemcached\io.cc">
      <Filter>Source Files</Filter>
    </ClCompile>
    <ClCompile Include="..\libhashkit\jenkins.cc">
      <Filter>Source Files</Filter>
    </ClCompile>
    <ClCompile Include="..\libhashkit\ketama.cc">
      <Filter>Source Files</Filter>
    </ClCompile>
    <ClCompile Include="..\libmemcached\key.cc">
      <Filter>Source Files</Filter>
    </ClCompile>
    <ClCompile Include="..\libhashkit\md5.cc">
      <Filter>Source Files</Filter>
    </ClCompile>
    <ClCompile Include="..\libmemcached\memcached.cc">
      <Filter>Source Files</Filter>
    </ClCompile>
    <ClCompile Include="..\libhashkit\murmur.cc">
      <Filter>Source Files</Filter>
    </ClCompile>
    <ClCompile Include="..\libhashkit\murmur3.cc">
      <Filter>Source Files</Filter>
    </ClCompile>
    <ClCompile Include="..\libhashkit\murmur3_api.cc">
      <Filter>Source Files</Filter>
    </ClCompile>
    <ClCompile Include="..\libmemcached\namespace.cc">
      <Filter>Source Files</Filter>
    </ClCompile>
    <ClCompile Include="..\libhashkit\one_at_a_time.cc">
      <Filter>Source Files</Filter>
    </ClCompile>
    <ClCompile Include="..\libmemcached\options.cc">
      <Filter>Source Files</Filter>
    </ClCompile>
    <ClCompile Include="..\libmemcached\parse.cc">
      <Filter>Source Files</Filter>
    </ClCompile>
    <ClCompile Include="libmemcached\csl\parser.cc">
      <Filter>Source Files</Filter>
    </ClCompile>
    <ClCompile Include="..\libmemcached\poll.cc">
      <Filter>Source Files</Filter>
    </ClCompile>
    <ClCompile Include="..\libmemcached\purge.cc">
      <Filter>Source Files</Filter>
    </ClCompile>
    <ClCompile Include="..\libmemcached\quit.cc">
      <Filter>Source Files</Filter>
    </ClCompile>
    <ClCompile Include="..\libmemcached\response.cc">
      <Filter>Source Files</Filter>
    </ClCompile>
    <ClCompile Include="..\libmemcached\result.cc">
      <Filter>Source Files</Filter>
    </ClCompile>
    <ClCompile Include="..\libhashkit\rijndael.cc">
      <Filter>Source Files</Filter>
    </ClCompile>
    <ClCompile Include="..\libmemcached\sasl.cc">
      <Filter>Source Files</Filter>
    </ClCompile>
    <ClCompile Include="libmemcached\csl\scanner.cc">
      <Filter>Source Files</Filter>
    </ClCompile>
    <ClCompile Include="..\libmemcached\server.cc">
      <Filter>Source Files</Filter>
    </ClCompile>
    <ClCompile Include="..\libmemcached\server_list.cc">
      <Filter>Source Files</Filter>
    </ClCompile>
    <ClCompile Include="..\libmemcached\stats.cc">
      <Filter>Source Files</Filter>
    </ClCompile>
    <ClCompile Include="..\libmemcached\storage.cc">
      <Filter>Source Files</Filter>
    </ClCompile>
    <ClCompile Include="..\libhashkit\str_algorithm.cc">
      <Filter>Source Files</Filter>
    </ClCompile>
    <ClCompile Include="..\libhashkit\strerror.cc">
      <Filter>Source Files</Filter>
    </ClCompile>
    <ClCompile Include="libmemcached\strerror_fix.cc">
      <Filter>Source Files</Filter>
    </ClCompile>
    <ClCompile Include="..\libhashkit\string.cc">
      <Filter>Source Files</Filter>
    </ClCompile>
    <ClCompile Include="libmemcached\string_fix.cc">
      <Filter>Source Files</Filter>
    </ClCompile>
    <ClCompile Include="..\libmemcached\touch.cc">
      <Filter>Source Files</Filter>
    </ClCompile>
    <ClCompile Include="..\libmemcached\udp.cc">
      <Filter>Source Files</Filter>
    </ClCompile>
    <ClCompile Include="..\libmemcached\verbosity.cc">
      <Filter>Source Files</Filter>
    </ClCompile>
    <ClCompile Include="..\libmemcached\version.cc">
      <Filter>Source Files</Filter>
    </ClCompile>
    <ClCompile Include="..\libmemcached\virtual_bucket.c">
      <Filter>Source Files</Filter>
    </ClCompile>
    <ClCompile Include="libmemcached\windows.c">
      <Filter>Source Files</Filter>
    </ClCompile>
  </ItemGroup>
  <ItemGroup>
    <ClInclude Include="..\libhashkit\aes.h">
      <Filter>Header Files</Filter>
    </ClInclude>
    <ClInclude Include="..\libhashkit-1.0\algorithm.h">
      <Filter>Header Files</Filter>
    </ClInclude>
    <ClInclude Include="..\libhashkit\algorithm.h">
      <Filter>Header Files</Filter>
    </ClInclude>
    <ClInclude Include="..\libmemcached-1.0\alloc.h">
      <Filter>Header Files</Filter>
    </ClInclude>
    <ClInclude Include="..\libmemcached-1.0\allocators.h">
      <Filter>Header Files</Filter>
    </ClInclude>
    <ClInclude Include="..\libmemcached\allocators.hpp">
      <Filter>Header Files</Filter>
    </ClInclude>
    <ClInclude Include="..\libmemcached-1.0\analyze.h">
      <Filter>Header Files</Filter>
    </ClInclude>
    <ClInclude Include="..\libmemcached\array.h">
      <Filter>Header Files</Filter>
    </ClInclude>
    <ClInclude Include="..\libmemcached\assert.hpp">
      <Filter>Header Files</Filter>
    </ClInclude>
    <ClInclude Include="..\libmemcached-1.0\auto.h">
      <Filter>Header Files</Filter>
    </ClInclude>
    <ClInclude Include="..\libmemcached\backtrace.hpp">
      <Filter>Header Files</Filter>
    </ClInclude>
    <ClInclude Include="..\libhashkit-1.0\basic_string.h">
      <Filter>Header Files</Filter>
    </ClInclude>
    <ClInclude Include="..\libmemcached-1.0\basic_string.h">
      <Filter>Header Files</Filter>
    </ClInclude>
    <ClInclude Include="..\libhashkit-1.0\behavior.h">
      <Filter>Header Files</Filter>
    </ClInclude>
    <ClInclude Include="..\libmemcached-1.0\behavior.h">
      <Filter>Header Files</Filter>
    </ClInclude>
    <ClInclude Include="..\libmemcached\behavior.hpp">
      <Filter>Header Files</Filter>
    </ClInclude>
    <ClInclude Include="..\libmemcached\byteorder.h">
      <Filter>Header Files</Filter>
    </ClInclude>
    <ClInclude Include="..\libmemcached-1.0\callback.h">
      <Filter>Header Files</Filter>
    </ClInclude>
    <ClInclude Include="..\libmemcached\callback.h">
      <Filter>Header Files</Filter>
    </ClInclude>
    <ClInclude Include="..\libmemcached-1.0\callbacks.h">
      <Filter>Header Files</Filter>
    </ClInclude>
    <ClInclude Include="..\libhashkit\common.h">
      <Filter>Header Files</Filter>
    </ClInclude>
    <ClInclude Include="..\libmemcached\common.h">
      <Filter>Header Files</Filter>
    </ClInclude>
    <ClInclude Include="..\libmemcached\csl\common.h">
      <Filter>Header Files</Filter>
    </ClInclude>
    <ClInclude Include="libmemcached-1.0\configure.h">
      <Filter>Header Files</Filter>
    </ClInclude>
    <ClInclude Include="..\libmemcached\connect.hpp">
      <Filter>Header Files</Filter>
    </ClInclude>
    <ClInclude Include="..\libmemcached\csl\context.h">
      <Filter>Header Files</Filter>
    </ClInclude>
    <ClInclude Include="..\libmemcached\continuum.hpp">
      <Filter>Header Files</Filter>
    </ClInclude>
    <ClInclude Include="..\libmemcached-1.0\defaults.h">
      <Filter>Header Files</Filter>
    </ClInclude>
    <ClInclude Include="..\libmemcached-1.0\delete.h">
      <Filter>Header Files</Filter>
    </ClInclude>
    <ClInclude Include="..\libmemcached-1.0\deprecated_types.h">
      <Filter>Header Files</Filter>
    </ClInclude>
    <ClInclude Include="..\libhashkit-1.0\digest.h">
      <Filter>Header Files</Filter>
    </ClInclude>
    <ClInclude Include="..\libmemcached\do.hpp">
      <Filter>Header Files</Filter>
    </ClInclude>
    <ClInclude Include="..\libmemcached-1.0\dump.h">
      <Filter>Header Files</Filter>
    </ClInclude>
    <ClInclude Include="..\libmemcached-1.0\encoding_key.h">
      <Filter>Header Files</Filter>
    </ClInclude>
    <ClInclude Include="..\libmemcached\encoding_key.h">
      <Filter>Header Files</Filter>
    </ClInclude>
    <ClInclude Include="..\libmemcached-1.0\error.h">
      <Filter>Header Files</Filter>
    </ClInclude>
    <ClInclude Include="..\libmemcached\error.hpp">
      <Filter>Header Files</Filter>
    </ClInclude>
    <ClInclude Include="..\libmemcached-1.0\exception.hpp">
      <Filter>Header Files</Filter>
    </ClInclude>
    <ClInclude Include="..\libmemcached-1.0\exist.h">
      <Filter>Header Files</Filter>
    </ClInclude>
    <ClInclude Include="..\libmemcached-1.0\fetch.h">
      <Filter>Header Files</Filter>
    </ClInclude>
    <ClInclude Include="..\libmemcached\flag.hpp">
      <Filter>Header Files</Filter>
    </ClInclude>
    <ClInclude Include="..\libmemcached-1.0\flush.h">
      <Filter>Header Files</Filter>
    </ClInclude>
    <ClInclude Include="..\libmemcached-1.0\flush_buffers.h">
      <Filter>Header Files</Filter>
    </ClInclude>
    <ClInclude Include="..\libhashkit-1.0\function.h">
      <Filter>Header Files</Filter>
    </ClInclude>
    <ClInclude Include="..\libmemcached-1.0\get.h">
      <Filter>Header Files</Filter>
    </ClInclude>
    <ClInclude Include="..\libhashkit-1.0\has.h">
      <Filter>Header Files</Filter>
    </ClInclude>
    <ClInclude Include="..\libmemcached-1.0\hash.h">
      <Filter>Header Files</Filter>
    </ClInclude>
    <ClInclude Include="..\libmemcached\hash.hpp">
      <Filter>Header Files</Filter>
    </ClInclude>
    <ClInclude Include="..\libhashkit-1.0\hashkit.h">
      <Filter>Header Files</Filter>
    </ClInclude>
    <ClInclude Include="..\libhashkit\hashkit.h">
      <Filter>Header Files</Filter>
    </ClInclude>
    <ClInclude Include="..\libhashkit-1.0\hashkit.hpp">
      <Filter>Header Files</Filter>
    </ClInclude>
    <ClInclude Include="..\libmemcached\initialize_query.h">
      <Filter>Header Files</Filter>
    </ClInclude>
    <ClInclude Include="..\libmemcached\instance.hpp">
      <Filter>Header Files</Filter>
    </ClInclude>
    <ClInclude Include="..\libmemcached\internal.h">
      <Filter>Header Files</Filter>
    </ClInclude>
    <ClInclude Include="..\libmemcached\io.h">
      <Filter>Header Files</Filter>
    </ClInclude>
    <ClInclude Include="..\libmemcached\io.hpp">
      <Filter>Header Files</Filter>
    </ClInclude>
    <ClInclude Include="..\libhashkit\is.h">
      <Filter>Header Files</Filter>
    </ClInclude>
    <ClInclude Include="..\libmemcached\is.h">
      <Filter>Header Files</Filter>
    </ClInclude>
    <ClInclude Include="..\libmemcached\key.hpp">
      <Filter>Header Files</Filter>
    </ClInclude>
    <ClInclude Include="..\libmemcached\libmemcached_probes.h">
      <Filter>Header Files</Filter>
    </ClInclude>
    <ClInclude Include="..\libmemcached-1.0\limits.h">
      <Filter>Header Files</Filter>
    </ClInclude>
    <ClInclude Include="mem_config.h">
      <Filter>Header Files</Filter>
    </ClInclude>
    <ClInclude Include="..\libmemcached-1.0\memcached.h">
      <Filter>Header Files</Filter>
    </ClInclude>
    <ClInclude Include="..\libmemcached\memcached.h">
      <Filter>Header Files</Filter>
    </ClInclude>
    <ClInclude Include="..\libmemcached-1.0\memcached.hpp">
      <Filter>Header Files</Filter>
    </ClInclude>
    <ClInclude Include="..\libmemcached\memcached.hpp">
      <Filter>Header Files</Filter>
    </ClInclude>
    <ClInclude Include="..\libmemcached\memory.h">
      <Filter>Header Files</Filter>
    </ClInclude>
    <ClInclude Include="..\libhashkit\murmur3.h">
      <Filter>Header Files</Filter>
    </ClInclude>
    <ClInclude Include="..\libmemcached\namespace.h">
      <Filter>Header Files</Filter>
    </ClInclude>
    <ClInclude Include="..\libmemcached-1.0\options.h">
      <Filter>Header Files</Filter>
    </ClInclude>
    <ClInclude Include="..\libmemcached\options.hpp">
      <Filter>Header Files</Filter>
    </ClInclude>
    <ClInclude Include="..\libmemcached-1.0\parse.h">
      <Filter>Header Files</Filter>
    </ClInclude>
    <ClInclude Include="libmemcached\csl\parser.h">
      <Filter>Header Files</Filter>
    </ClInclude>
    <ClInclude Include="..\libmemcached-1.0\platform.h">
      <Filter>Header Files</Filter>
    </ClInclude>
    <ClInclude Include="..\libmemcached\poll.h">
      <Filter>Header Files</Filter>
    </ClInclude>
    <ClInclude Include="..\libmemcached-1.0\quit.h">
      <Filter>Header Files</Filter>
    </ClInclude>
    <ClInclude Include="..\libmemcached\quit.hpp">
      <Filter>Header Files</Filter>
    </ClInclude>
    <ClInclude Include="..\libmemcached\response.h">
      <Filter>Header Files</Filter>
    </ClInclude>
    <ClInclude Include="..\libmemcached-1.0\result.h">
      <Filter>Header Files</Filter>
    </ClInclude>
    <ClInclude Include="..\libmemcached\result.h">
      <Filter>Header Files</Filter>
    </ClInclude>
    <ClInclude Include="..\libmemcached-1.0\return.h">
      <Filter>Header Files</Filter>
    </ClInclude>
    <ClInclude Include="..\libhashkit\rijndael.hpp">
      <Filter>Header Files</Filter>
    </ClInclude>
    <ClInclude Include="..\libmemcached-1.0\sasl.h">
      <Filter>Header Files</Filter>
    </ClInclude>
    <ClInclude Include="..\libmemcached\sasl.hpp">
      <Filter>Header Files</Filter>
    </ClInclude>
    <ClInclude Include="libmemcached\csl\scanner.h">
      <Filter>Header Files</Filter>
    </ClInclude>
    <ClInclude Include="..\libmemcached-1.0\server.h">
      <Filter>Header Files</Filter>
    </ClInclude>
    <ClInclude Include="..\libmemcached\csl\server.h">
      <Filter>Header Files</Filter>
    </ClInclude>
    <ClInclude Include="..\libmemcached\server.hpp">
      <Filter>Header Files</Filter>
    </ClInclude>
    <ClInclude Include="..\libmemcached\server_instance.h">
      <Filter>Header Files</Filter>
    </ClInclude>
    <ClInclude Include="..\libmemcached-1.0\server_list.h">
      <Filter>Header Files</Filter>
    </ClInclude>
    <ClInclude Include="..\libmemcached\server_list.hpp">
      <Filter>Header Files</Filter>
    </ClInclude>
    <ClInclude Include="..\libmemcached\socket.hpp">
      <Filter>Header Files</Filter>
    </ClInclude>
    <ClInclude Include="..\libmemcached-1.0\stats.h">
      <Filter>Header Files</Filter>
    </ClInclude>
    <ClInclude Include="..\libmemcached-1.0\storage.h">
      <Filter>Header Files</Filter>
    </ClInclude>
    <ClInclude Include="..\libhashkit-1.0\str_algorithm.h">
      <Filter>Header Files</Filter>
    </ClInclude>
    <ClInclude Include="..\libhashkit-1.0\strerror.h">
      <Filter>Header Files</Filter>
    </ClInclude>
    <ClInclude Include="..\libmemcached-1.0\strerror.h">
      <Filter>Header Files</Filter>
    </ClInclude>
    <ClInclude Include="..\libhashkit-1.0\string.h">
      <Filter>Header Files</Filter>
    </ClInclude>
    <ClInclude Include="..\libhashkit\string.h">
      <Filter>Header Files</Filter>
    </ClInclude>
    <ClInclude Include="..\libmemcached\string.hpp">
      <Filter>Header Files</Filter>
    </ClInclude>
    <ClInclude Include="..\libmemcached\csl\symbol.h">
      <Filter>Header Files</Filter>
    </ClInclude>
    <ClInclude Include="..\libmemcached-1.0\touch.h">
      <Filter>Header Files</Filter>
    </ClInclude>
    <ClInclude Include="..\libmemcached-1.0\triggers.h">
      <Filter>Header Files</Filter>
    </ClInclude>
    <ClInclude Include="..\libhashkit-1.0\types.h">
      <Filter>Header Files</Filter>
    </ClInclude>
    <ClInclude Include="..\libmemcached-1.0\types.h">
      <Filter>Header Files</Filter>
    </ClInclude>
    <ClInclude Include="..\libmemcached\udp.hpp">
      <Filter>Header Files</Filter>
    </ClInclude>
    <ClInclude Include="..\libmemcached\util.h">
      <Filter>Header Files</Filter>
    </ClInclude>
    <ClInclude Include="..\libmemcached-1.0\verbosity.h">
      <Filter>Header Files</Filter>
    </ClInclude>
    <ClInclude Include="..\libmemcached-1.0\version.h">
      <Filter>Header Files</Filter>
    </ClInclude>
    <ClInclude Include="..\libmemcached\version.hpp">
      <Filter>Header Files</Filter>
    </ClInclude>
    <ClInclude Include="..\libmemcached\virtual_bucket.h">
      <Filter>Header Files</Filter>
    </ClInclude>
    <ClInclude Include="..\libhashkit-1.0\visibility.h">
      <Filter>Header Files</Filter>
    </ClInclude>
    <ClInclude Include="..\libmemcached-1.0\visibility.h">
      <Filter>Header Files</Filter>
    </ClInclude>
    <ClInclude Include="..\libmemcached\watchpoint.h">
      <Filter>Header Files</Filter>
    </ClInclude>
    <ClInclude Include="..\libmemcached\windows.hpp">
      <Filter>Header Files</Filter>
    </ClInclude>
    <ClInclude Include="wrappers.h">
      <Filter>Header Files</Filter>
    </ClInclude>
  </ItemGroup>
</Project>